// !$*UTF8*$!
{
	archiveVersion = 1;
	classes = {
	};
	objectVersion = 48;
	objects = {

/* Begin PBXBuildFile section */
		115C65D92089322F00A02E7C /* AppDelegate.swift in Sources */ = {isa = PBXBuildFile; fileRef = 115C65D82089322F00A02E7C /* AppDelegate.swift */; };
		115C65DE2089322F00A02E7C /* Main.storyboard in Resources */ = {isa = PBXBuildFile; fileRef = 115C65DC2089322F00A02E7C /* Main.storyboard */; };
		115C65E02089322F00A02E7C /* Assets.xcassets in Resources */ = {isa = PBXBuildFile; fileRef = 115C65DF2089322F00A02E7C /* Assets.xcassets */; };
		115C65E32089322F00A02E7C /* LaunchScreen.storyboard in Resources */ = {isa = PBXBuildFile; fileRef = 115C65E12089322F00A02E7C /* LaunchScreen.storyboard */; };
		115C65EB2089330500A02E7C /* LoginViewController.swift in Sources */ = {isa = PBXBuildFile; fileRef = 115C65EA2089330500A02E7C /* LoginViewController.swift */; };
		115C65ED208933BB00A02E7C /* MapTabbedViewController.swift in Sources */ = {isa = PBXBuildFile; fileRef = 115C65EC208933BB00A02E7C /* MapTabbedViewController.swift */; };
		115C65EF208933D700A02E7C /* RecentLocationsTableViewController.swift in Sources */ = {isa = PBXBuildFile; fileRef = 115C65EE208933D700A02E7C /* RecentLocationsTableViewController.swift */; };
		115C65F12089345A00A02E7C /* InformationPostingViewController.swift in Sources */ = {isa = PBXBuildFile; fileRef = 115C65F02089345A00A02E7C /* InformationPostingViewController.swift */; };
		11DEF6D0209104AD003CF51D /* PinInfoViewController.swift in Sources */ = {isa = PBXBuildFile; fileRef = 11DEF6CF209104AD003CF51D /* PinInfoViewController.swift */; };
		11E2D14A2098BB4A00CFD963 /* RecentLocationTableViewCell.swift in Sources */ = {isa = PBXBuildFile; fileRef = 11E2D1492098BB4A00CFD963 /* RecentLocationTableViewCell.swift */; };
		11E2D14C2098BD3D00CFD963 /* Parse.swift in Sources */ = {isa = PBXBuildFile; fileRef = 11E2D14B2098BD3D00CFD963 /* Parse.swift */; };
/* End PBXBuildFile section */

/* Begin PBXFileReference section */
		115C65D52089322F00A02E7C /* OnTheMap.app */ = {isa = PBXFileReference; explicitFileType = wrapper.application; includeInIndex = 0; path = OnTheMap.app; sourceTree = BUILT_PRODUCTS_DIR; };
		115C65D82089322F00A02E7C /* AppDelegate.swift */ = {isa = PBXFileReference; lastKnownFileType = sourcecode.swift; path = AppDelegate.swift; sourceTree = "<group>"; };
		115C65DD2089322F00A02E7C /* Base */ = {isa = PBXFileReference; lastKnownFileType = file.storyboard; name = Base; path = Base.lproj/Main.storyboard; sourceTree = "<group>"; };
		115C65DF2089322F00A02E7C /* Assets.xcassets */ = {isa = PBXFileReference; lastKnownFileType = folder.assetcatalog; path = Assets.xcassets; sourceTree = "<group>"; };
		115C65E22089322F00A02E7C /* Base */ = {isa = PBXFileReference; lastKnownFileType = file.storyboard; name = Base; path = Base.lproj/LaunchScreen.storyboard; sourceTree = "<group>"; };
		115C65E42089322F00A02E7C /* Info.plist */ = {isa = PBXFileReference; lastKnownFileType = text.plist.xml; path = Info.plist; sourceTree = "<group>"; };
		115C65EA2089330500A02E7C /* LoginViewController.swift */ = {isa = PBXFileReference; lastKnownFileType = sourcecode.swift; path = LoginViewController.swift; sourceTree = "<group>"; };
		115C65EC208933BB00A02E7C /* MapTabbedViewController.swift */ = {isa = PBXFileReference; lastKnownFileType = sourcecode.swift; path = MapTabbedViewController.swift; sourceTree = "<group>"; };
		115C65EE208933D700A02E7C /* RecentLocationsTableViewController.swift */ = {isa = PBXFileReference; lastKnownFileType = sourcecode.swift; path = RecentLocationsTableViewController.swift; sourceTree = "<group>"; };
		115C65F02089345A00A02E7C /* InformationPostingViewController.swift */ = {isa = PBXFileReference; lastKnownFileType = sourcecode.swift; path = InformationPostingViewController.swift; sourceTree = "<group>"; };
		11DEF6CF209104AD003CF51D /* PinInfoViewController.swift */ = {isa = PBXFileReference; lastKnownFileType = sourcecode.swift; path = PinInfoViewController.swift; sourceTree = "<group>"; };
		11E2D1492098BB4A00CFD963 /* RecentLocationTableViewCell.swift */ = {isa = PBXFileReference; lastKnownFileType = sourcecode.swift; name = RecentLocationTableViewCell.swift; path = "Supporting Files/RecentLocationTableViewCell.swift"; sourceTree = "<group>"; };
		11E2D14B2098BD3D00CFD963 /* Parse.swift */ = {isa = PBXFileReference; lastKnownFileType = sourcecode.swift; path = Parse.swift; sourceTree = "<group>"; };
/* End PBXFileReference section */

/* Begin PBXFrameworksBuildPhase section */
		115C65D22089322F00A02E7C /* Frameworks */ = {
			isa = PBXFrameworksBuildPhase;
			buildActionMask = 2147483647;
			files = (
			);
			runOnlyForDeploymentPostprocessing = 0;
		};
/* End PBXFrameworksBuildPhase section */

/* Begin PBXGroup section */
		115C65CC2089322F00A02E7C = {
			isa = PBXGroup;
			children = (
				115C65D72089322F00A02E7C /* OnTheMap */,
				115C65D62089322F00A02E7C /* Products */,
			);
			sourceTree = "<group>";
		};
		115C65D62089322F00A02E7C /* Products */ = {
			isa = PBXGroup;
			children = (
				115C65D52089322F00A02E7C /* OnTheMap.app */,
			);
			name = Products;
			sourceTree = "<group>";
		};
		115C65D72089322F00A02E7C /* OnTheMap */ = {
			isa = PBXGroup;
			children = (
				115C65DC2089322F00A02E7C /* Main.storyboard */,
				11E2D1492098BB4A00CFD963 /* RecentLocationTableViewCell.swift */,
				11DEF6CF209104AD003CF51D /* PinInfoViewController.swift */,
				115C65F02089345A00A02E7C /* InformationPostingViewController.swift */,
				115C65EA2089330500A02E7C /* LoginViewController.swift */,
				115C65EC208933BB00A02E7C /* MapTabbedViewController.swift */,
				115C65EE208933D700A02E7C /* RecentLocationsTableViewController.swift */,
				115C65F22089352100A02E7C /* Supporting Files */,
				115C65E42089322F00A02E7C /* Info.plist */,
			);
			path = OnTheMap;
			sourceTree = "<group>";
		};
		115C65F22089352100A02E7C /* Supporting Files */ = {
			isa = PBXGroup;
			children = (
				115C65D82089322F00A02E7C /* AppDelegate.swift */,
				11E2D14B2098BD3D00CFD963 /* Parse.swift */,
				115C65DF2089322F00A02E7C /* Assets.xcassets */,
				115C65E12089322F00A02E7C /* LaunchScreen.storyboard */,
			);
			path = "Supporting Files";
			sourceTree = "<group>";
		};
/* End PBXGroup section */

/* Begin PBXNativeTarget section */
		115C65D42089322F00A02E7C /* OnTheMap */ = {
			isa = PBXNativeTarget;
			buildConfigurationList = 115C65E72089322F00A02E7C /* Build configuration list for PBXNativeTarget "OnTheMap" */;
			buildPhases = (
				115C65D12089322F00A02E7C /* Sources */,
				115C65D22089322F00A02E7C /* Frameworks */,
				115C65D32089322F00A02E7C /* Resources */,
			);
			buildRules = (
			);
			dependencies = (
			);
			name = OnTheMap;
			productName = OnTheMap;
			productReference = 115C65D52089322F00A02E7C /* OnTheMap.app */;
			productType = "com.apple.product-type.application";
		};
/* End PBXNativeTarget section */

/* Begin PBXProject section */
		115C65CD2089322F00A02E7C /* Project object */ = {
			isa = PBXProject;
			attributes = {
				LastSwiftUpdateCheck = 0920;
				LastUpgradeCheck = 0920;
				ORGANIZATIONNAME = WandererRae;
				TargetAttributes = {
					115C65D42089322F00A02E7C = {
						CreatedOnToolsVersion = 9.2;
						ProvisioningStyle = Automatic;
					};
				};
			};
			buildConfigurationList = 115C65D02089322F00A02E7C /* Build configuration list for PBXProject "OnTheMap" */;
			compatibilityVersion = "Xcode 8.0";
			developmentRegion = en;
			hasScannedForEncodings = 0;
			knownRegions = (
				en,
				Base,
			);
			mainGroup = 115C65CC2089322F00A02E7C;
			productRefGroup = 115C65D62089322F00A02E7C /* Products */;
			projectDirPath = "";
			projectRoot = "";
			targets = (
				115C65D42089322F00A02E7C /* OnTheMap */,
			);
		};
/* End PBXProject section */

/* Begin PBXResourcesBuildPhase section */
		115C65D32089322F00A02E7C /* Resources */ = {
			isa = PBXResourcesBuildPhase;
			buildActionMask = 2147483647;
			files = (
				115C65E32089322F00A02E7C /* LaunchScreen.storyboard in Resources */,
				115C65E02089322F00A02E7C /* Assets.xcassets in Resources */,
				115C65DE2089322F00A02E7C /* Main.storyboard in Resources */,
			);
			runOnlyForDeploymentPostprocessing = 0;
		};
/* End PBXResourcesBuildPhase section */

/* Begin PBXSourcesBuildPhase section */
		115C65D12089322F00A02E7C /* Sources */ = {
			isa = PBXSourcesBuildPhase;
			buildActionMask = 2147483647;
			files = (
				115C65ED208933BB00A02E7C /* MapTabbedViewController.swift in Sources */,
				11E2D14C2098BD3D00CFD963 /* Parse.swift in Sources */,
				115C65F12089345A00A02E7C /* InformationPostingViewController.swift in Sources */,
				115C65EB2089330500A02E7C /* LoginViewController.swift in Sources */,
				115C65D92089322F00A02E7C /* AppDelegate.swift in Sources */,
				11DEF6D0209104AD003CF51D /* PinInfoViewController.swift in Sources */,
				11E2D14A2098BB4A00CFD963 /* RecentLocationTableViewCell.swift in Sources */,
				115C65EF208933D700A02E7C /* RecentLocationsTableViewController.swift in Sources */,
			);
			runOnlyForDeploymentPostprocessing = 0;
		};
/* End PBXSourcesBuildPhase section */

/* Begin PBXVariantGroup section */
		115C65DC2089322F00A02E7C /* Main.storyboard */ = {
			isa = PBXVariantGroup;
			children = (
				115C65DD2089322F00A02E7C /* Base */,
			);
			name = Main.storyboard;
			sourceTree = "<group>";
		};
		115C65E12089322F00A02E7C /* LaunchScreen.storyboard */ = {
			isa = PBXVariantGroup;
			children = (
				115C65E22089322F00A02E7C /* Base */,
			);
			name = LaunchScreen.storyboard;
			sourceTree = "<group>";
		};
/* End PBXVariantGroup section */

/* Begin XCBuildConfiguration section */
		115C65E52089322F00A02E7C /* Debug */ = {
			isa = XCBuildConfiguration;
			buildSettings = {
				ALWAYS_SEARCH_USER_PATHS = NO;
				CLANG_ANALYZER_NONNULL = YES;
				CLANG_ANALYZER_NUMBER_OBJECT_CONVERSION = YES_AGGRESSIVE;
				CLANG_CXX_LANGUAGE_STANDARD = "gnu++14";
				CLANG_CXX_LIBRARY = "libc++";
				CLANG_ENABLE_MODULES = YES;
				CLANG_ENABLE_OBJC_ARC = YES;
				CLANG_WARN_BLOCK_CAPTURE_AUTORELEASING = YES;
				CLANG_WARN_BOOL_CONVERSION = YES;
				CLANG_WARN_COMMA = YES;
				CLANG_WARN_CONSTANT_CONVERSION = YES;
				CLANG_WARN_DIRECT_OBJC_ISA_USAGE = YES_ERROR;
				CLANG_WARN_DOCUMENTATION_COMMENTS = YES;
				CLANG_WARN_EMPTY_BODY = YES;
				CLANG_WARN_ENUM_CONVERSION = YES;
				CLANG_WARN_INFINITE_RECURSION = YES;
				CLANG_WARN_INT_CONVERSION = YES;
				CLANG_WARN_NON_LITERAL_NULL_CONVERSION = YES;
				CLANG_WARN_OBJC_LITERAL_CONVERSION = YES;
				CLANG_WARN_OBJC_ROOT_CLASS = YES_ERROR;
				CLANG_WARN_RANGE_LOOP_ANALYSIS = YES;
				CLANG_WARN_STRICT_PROTOTYPES = YES;
				CLANG_WARN_SUSPICIOUS_MOVE = YES;
				CLANG_WARN_UNGUARDED_AVAILABILITY = YES_AGGRESSIVE;
				CLANG_WARN_UNREACHABLE_CODE = YES;
				CLANG_WARN__DUPLICATE_METHOD_MATCH = YES;
				CODE_SIGN_IDENTITY = "iPhone Developer";
				COPY_PHASE_STRIP = NO;
				DEBUG_INFORMATION_FORMAT = dwarf;
				ENABLE_STRICT_OBJC_MSGSEND = YES;
				ENABLE_TESTABILITY = YES;
				GCC_C_LANGUAGE_STANDARD = gnu11;
				GCC_DYNAMIC_NO_PIC = NO;
				GCC_NO_COMMON_BLOCKS = YES;
				GCC_OPTIMIZATION_LEVEL = 0;
				GCC_PREPROCESSOR_DEFINITIONS = (
					"DEBUG=1",
					"$(inherited)",
				);
				GCC_WARN_64_TO_32_BIT_CONVERSION = YES;
				GCC_WARN_ABOUT_RETURN_TYPE = YES_ERROR;
				GCC_WARN_UNDECLARED_SELECTOR = YES;
				GCC_WARN_UNINITIALIZED_AUTOS = YES_AGGRESSIVE;
				GCC_WARN_UNUSED_FUNCTION = YES;
				GCC_WARN_UNUSED_VARIABLE = YES;
				IPHONEOS_DEPLOYMENT_TARGET = 11.2;
				MTL_ENABLE_DEBUG_INFO = YES;
				ONLY_ACTIVE_ARCH = YES;
				SDKROOT = iphoneos;
				SWIFT_ACTIVE_COMPILATION_CONDITIONS = DEBUG;
				SWIFT_OPTIMIZATION_LEVEL = "-Onone";
			};
			name = Debug;
		};
		115C65E62089322F00A02E7C /* Release */ = {
			isa = XCBuildConfiguration;
			buildSettings = {
				ALWAYS_SEARCH_USER_PATHS = NO;
				CLANG_ANALYZER_NONNULL = YES;
				CLANG_ANALYZER_NUMBER_OBJECT_CONVERSION = YES_AGGRESSIVE;
				CLANG_CXX_LANGUAGE_STANDARD = "gnu++14";
				CLANG_CXX_LIBRARY = "libc++";
				CLANG_ENABLE_MODULES = YES;
				CLANG_ENABLE_OBJC_ARC = YES;
				CLANG_WARN_BLOCK_CAPTURE_AUTORELEASING = YES;
				CLANG_WARN_BOOL_CONVERSION = YES;
				CLANG_WARN_COMMA = YES;
				CLANG_WARN_CONSTANT_CONVERSION = YES;
				CLANG_WARN_DIRECT_OBJC_ISA_USAGE = YES_ERROR;
				CLANG_WARN_DOCUMENTATION_COMMENTS = YES;
				CLANG_WARN_EMPTY_BODY = YES;
				CLANG_WARN_ENUM_CONVERSION = YES;
				CLANG_WARN_INFINITE_RECURSION = YES;
				CLANG_WARN_INT_CONVERSION = YES;
				CLANG_WARN_NON_LITERAL_NULL_CONVERSION = YES;
				CLANG_WARN_OBJC_LITERAL_CONVERSION = YES;
				CLANG_WARN_OBJC_ROOT_CLASS = YES_ERROR;
				CLANG_WARN_RANGE_LOOP_ANALYSIS = YES;
				CLANG_WARN_STRICT_PROTOTYPES = YES;
				CLANG_WARN_SUSPICIOUS_MOVE = YES;
				CLANG_WARN_UNGUARDED_AVAILABILITY = YES_AGGRESSIVE;
				CLANG_WARN_UNREACHABLE_CODE = YES;
				CLANG_WARN__DUPLICATE_METHOD_MATCH = YES;
				CODE_SIGN_IDENTITY = "iPhone Developer";
				COPY_PHASE_STRIP = NO;
				DEBUG_INFORMATION_FORMAT = "dwarf-with-dsym";
				ENABLE_NS_ASSERTIONS = NO;
				ENABLE_STRICT_OBJC_MSGSEND = YES;
				GCC_C_LANGUAGE_STANDARD = gnu11;
				GCC_NO_COMMON_BLOCKS = YES;
				GCC_WARN_64_TO_32_BIT_CONVERSION = YES;
				GCC_WARN_ABOUT_RETURN_TYPE = YES_ERROR;
				GCC_WARN_UNDECLARED_SELECTOR = YES;
				GCC_WARN_UNINITIALIZED_AUTOS = YES_AGGRESSIVE;
				GCC_WARN_UNUSED_FUNCTION = YES;
				GCC_WARN_UNUSED_VARIABLE = YES;
				IPHONEOS_DEPLOYMENT_TARGET = 11.2;
				MTL_ENABLE_DEBUG_INFO = NO;
				SDKROOT = iphoneos;
				SWIFT_OPTIMIZATION_LEVEL = "-Owholemodule";
				VALIDATE_PRODUCT = YES;
			};
			name = Release;
		};
		115C65E82089322F00A02E7C /* Debug */ = {
			isa = XCBuildConfiguration;
			buildSettings = {
				ASSETCATALOG_COMPILER_APPICON_NAME = AppIcon;
				CODE_SIGN_STYLE = Automatic;
				DEVELOPMENT_TEAM = X763B5LW8Z;
				INFOPLIST_FILE = OnTheMap/Info.plist;
				LD_RUNPATH_SEARCH_PATHS = "$(inherited) @executable_path/Frameworks";
				PRODUCT_BUNDLE_IDENTIFIER = WandererRae.OnTheMap;
				PRODUCT_NAME = "$(TARGET_NAME)";
				SWIFT_VERSION = 4.0;
				TARGETED_DEVICE_FAMILY = "1,2";
			};
			name = Debug;
		};
		115C65E92089322F00A02E7C /* Release */ = {
			isa = XCBuildConfiguration;
			buildSettings = {
				ASSETCATALOG_COMPILER_APPICON_NAME = AppIcon;
				CODE_SIGN_STYLE = Automatic;
				DEVELOPMENT_TEAM = X763B5LW8Z;
				INFOPLIST_FILE = OnTheMap/Info.plist;
				LD_RUNPATH_SEARCH_PATHS = "$(inherited) @executable_path/Frameworks";
				PRODUCT_BUNDLE_IDENTIFIER = WandererRae.OnTheMap;
				PRODUCT_NAME = "$(TARGET_NAME)";
				SWIFT_VERSION = 4.0;
				TARGETED_DEVICE_FAMILY = "1,2";
			};
			name = Release;
		};
/* End XCBuildConfiguration section */

/* Begin XCConfigurationList section */
		115C65D02089322F00A02E7C /* Build configuration list for PBXProject "OnTheMap" */ = {
			isa = XCConfigurationList;
			buildConfigurations = (
				115C65E52089322F00A02E7C /* Debug */,
				115C65E62089322F00A02E7C /* Release */,
			);
			defaultConfigurationIsVisible = 0;
			defaultConfigurationName = Release;
		};
		115C65E72089322F00A02E7C /* Build configuration list for PBXNativeTarget "OnTheMap" */ = {
			isa = XCConfigurationList;
			buildConfigurations = (
				115C65E82089322F00A02E7C /* Debug */,
				115C65E92089322F00A02E7C /* Release */,
			);
			defaultConfigurationIsVisible = 0;
			defaultConfigurationName = Release;
		};
/* End XCConfigurationList section */
	};
	rootObject = 115C65CD2089322F00A02E7C /* Project object */;
}
